
Microsoft Visual Studio Solution File, Format Version 12.00
# Visual Studio Version 17
VisualStudioVersion = 17.7.34221.43
MinimumVisualStudioVersion = 10.0.40219.1
Project("{FAE04EC0-301F-11D3-BF4B-00C04F79EFBC}") = "BasketService.API", "BasketService.API.csproj", "{927826FC-579C-4F09-BBEA-BB4938A95622}"
EndProject
Global
	GlobalSection(SolutionConfigurationPlatforms) = preSolution
		Debug|Any CPU = Debug|Any CPU
		Release|Any CPU = Release|Any CPU
	EndGlobalSection
	GlobalSection(ProjectConfigurationPlatforms) = postSolution
		{927826FC-579C-4F09-BBEA-BB4938A95622}.Debug|Any CPU.ActiveCfg = Debug|Any CPU
		{927826FC-579C-4F09-BBEA-BB4938A95622}.Debug|Any CPU.Build.0 = Debug|Any CPU
		{927826FC-579C-4F09-BBEA-BB4938A95622}.Release|Any CPU.ActiveCfg = Release|Any CPU
		{927826FC-579C-4F09-BBEA-BB4938A95622}.Release|Any CPU.Build.0 = Release|Any CPU
	EndGlobalSection
	GlobalSection(SolutionProperties) = preSolution
		HideSolutionNode = FALSE
	EndGlobalSection
	GlobalSection(ExtensibilityGlobals) = postSolution
		SolutionGuid = {D332BDE1-6DD9-4F3C-B3FB-72E63CB99480}
	EndGlobalSection
EndGlobal
